
Microsoft Visual Studio Solution File, Format Version 12.00
Project("{FAE04EC0-301F-11D3-BF4B-00C04F79EFBC}") = "lab7", "lab7\lab7.csproj", "{7B4A96F4-E50B-463E-A5B0-8C9C3E540BEC}"
EndProject
Project("{FAE04EC0-301F-11D3-BF4B-00C04F79EFBC}") = "FileSort", "FileSort\FileSort.csproj", "{9E0C92CA-F19F-4333-8437-AFF64AD159B9}"
EndProject
Global
	GlobalSection(SolutionConfigurationPlatforms) = preSolution
		Debug|Any CPU = Debug|Any CPU
		Release|Any CPU = Release|Any CPU
	EndGlobalSection
	GlobalSection(ProjectConfigurationPlatforms) = postSolution
		{7B4A96F4-E50B-463E-A5B0-8C9C3E540BEC}.Debug|Any CPU.ActiveCfg = Debug|Any CPU
		{7B4A96F4-E50B-463E-A5B0-8C9C3E540BEC}.Debug|Any CPU.Build.0 = Debug|Any CPU
		{7B4A96F4-E50B-463E-A5B0-8C9C3E540BEC}.Release|Any CPU.ActiveCfg = Release|Any CPU
		{7B4A96F4-E50B-463E-A5B0-8C9C3E540BEC}.Release|Any CPU.Build.0 = Release|Any CPU
		{9E0C92CA-F19F-4333-8437-AFF64AD159B9}.Debug|Any CPU.ActiveCfg = Debug|Any CPU
		{9E0C92CA-F19F-4333-8437-AFF64AD159B9}.Debug|Any CPU.Build.0 = Debug|Any CPU
		{9E0C92CA-F19F-4333-8437-AFF64AD159B9}.Release|Any CPU.ActiveCfg = Release|Any CPU
		{9E0C92CA-F19F-4333-8437-AFF64AD159B9}.Release|Any CPU.Build.0 = Release|Any CPU
	EndGlobalSection
EndGlobal
